
Microsoft Visual Studio Solution File, Format Version 12.00
# Visual Studio Version 17
VisualStudioVersion = 17.4.33103.184
MinimumVisualStudioVersion = 10.0.40219.1
Project("{FAE04EC0-301F-11D3-BF4B-00C04F79EFBC}") = "XpathRunner", "xpathrunnerui\XpathRunner\XpathRunner.csproj", "{4A6A3B53-39EB-4EC3-A721-86A90A7BC263}"
EndProject
Global
	GlobalSection(SolutionConfigurationPlatforms) = preSolution
		Debug|Any CPU = Debug|Any CPU
		Release|Any CPU = Release|Any CPU
	EndGlobalSection
	GlobalSection(ProjectConfigurationPlatforms) = postSolution
		{4A6A3B53-39EB-4EC3-A721-86A90A7BC263}.Debug|Any CPU.ActiveCfg = Debug|Any CPU
		{4A6A3B53-39EB-4EC3-A721-86A90A7BC263}.Debug|Any CPU.Build.0 = Debug|Any CPU
		{4A6A3B53-39EB-4EC3-A721-86A90A7BC263}.Release|Any CPU.ActiveCfg = Release|Any CPU
		{4A6A3B53-39EB-4EC3-A721-86A90A7BC263}.Release|Any CPU.Build.0 = Release|Any CPU
	EndGlobalSection
	GlobalSection(SolutionProperties) = preSolution
		HideSolutionNode = FALSE
	EndGlobalSection
	GlobalSection(ExtensibilityGlobals) = postSolution
		SolutionGuid = {36AE5986-BF6A-4B8D-A760-0AAA5E788BDD}
	EndGlobalSection
EndGlobal
