
Microsoft Visual Studio Solution File, Format Version 12.00
# Visual Studio Version 17
VisualStudioVersion = 17.4.33103.184
MinimumVisualStudioVersion = 10.0.40219.1
Project("{9A19103F-16F7-4668-BE54-9A1E7A4F7556}") = "xpathrunner", "xpathrunner\xpathrunner.csproj", "{1372129D-DB4D-45E7-9A27-559FDF99D37C}"
EndProject
Project("{FAE04EC0-301F-11D3-BF4B-00C04F79EFBC}") = "xpathrunnerui", "xpathrunnerui\xpathrunnerui.csproj", "{552E13A5-00AA-40CC-88EB-0E9BFB656A8D}"
EndProject
Global
	GlobalSection(SolutionConfigurationPlatforms) = preSolution
		Debug|Any CPU = Debug|Any CPU
		Release|Any CPU = Release|Any CPU
	EndGlobalSection
	GlobalSection(ProjectConfigurationPlatforms) = postSolution
		{1372129D-DB4D-45E7-9A27-559FDF99D37C}.Debug|Any CPU.ActiveCfg = Debug|Any CPU
		{1372129D-DB4D-45E7-9A27-559FDF99D37C}.Debug|Any CPU.Build.0 = Debug|Any CPU
		{1372129D-DB4D-45E7-9A27-559FDF99D37C}.Release|Any CPU.ActiveCfg = Release|Any CPU
		{1372129D-DB4D-45E7-9A27-559FDF99D37C}.Release|Any CPU.Build.0 = Release|Any CPU
		{552E13A5-00AA-40CC-88EB-0E9BFB656A8D}.Debug|Any CPU.ActiveCfg = Debug|Any CPU
		{552E13A5-00AA-40CC-88EB-0E9BFB656A8D}.Debug|Any CPU.Build.0 = Debug|Any CPU
		{552E13A5-00AA-40CC-88EB-0E9BFB656A8D}.Release|Any CPU.ActiveCfg = Release|Any CPU
		{552E13A5-00AA-40CC-88EB-0E9BFB656A8D}.Release|Any CPU.Build.0 = Release|Any CPU
	EndGlobalSection
	GlobalSection(SolutionProperties) = preSolution
		HideSolutionNode = FALSE
	EndGlobalSection
	GlobalSection(ExtensibilityGlobals) = postSolution
		SolutionGuid = {36AE5986-BF6A-4B8D-A760-0AAA5E788BDD}
	EndGlobalSection
EndGlobal
